// !$*UTF8*$!
{
	archiveVersion = 1;
	classes = {
	};
	objectVersion = 51;
	objects = {

/* Begin PBXBuildFile section */
		3BDB396024EE5B2F000F8FD8 /* AppDelegate.swift in Sources */ = {isa = PBXBuildFile; fileRef = 3BDB395F24EE5B2F000F8FD8 /* AppDelegate.swift */; };
		3BDB396224EE5B2F000F8FD8 /* SceneDelegate.swift in Sources */ = {isa = PBXBuildFile; fileRef = 3BDB396124EE5B2F000F8FD8 /* SceneDelegate.swift */; };
		3BDB396424EE5B2F000F8FD8 /* ViewController.swift in Sources */ = {isa = PBXBuildFile; fileRef = 3BDB396324EE5B2F000F8FD8 /* ViewController.swift */; };
		3BDB396724EE5B2F000F8FD8 /* Main.storyboard in Resources */ = {isa = PBXBuildFile; fileRef = 3BDB396524EE5B2F000F8FD8 /* Main.storyboard */; };
		3BDB396924EE5B32000F8FD8 /* Assets.xcassets in Resources */ = {isa = PBXBuildFile; fileRef = 3BDB396824EE5B32000F8FD8 /* Assets.xcassets */; };
		3BDB396C24EE5B32000F8FD8 /* LaunchScreen.storyboard in Resources */ = {isa = PBXBuildFile; fileRef = 3BDB396A24EE5B32000F8FD8 /* LaunchScreen.storyboard */; };
		3BDB397724EE6814000F8FD8 /* file.mp3 in Resources */ = {isa = PBXBuildFile; fileRef = 3BDB397624EE6814000F8FD8 /* file.mp3 */; };
		B7FEFE10C1F93E15182FC3B2 /* Pods_MusicPleyerApp_Minimum.framework in Frameworks */ = {isa = PBXBuildFile; fileRef = 9E3BCA5DD94D11F8D3F7D28E /* Pods_MusicPleyerApp_Minimum.framework */; };
/* End PBXBuildFile section */

/* Begin PBXFileReference section */
		3BDB395C24EE5B2F000F8FD8 /* MusicPleyerApp_Minimum.app */ = {isa = PBXFileReference; explicitFileType = wrapper.application; includeInIndex = 0; path = MusicPleyerApp_Minimum.app; sourceTree = BUILT_PRODUCTS_DIR; };
		3BDB395F24EE5B2F000F8FD8 /* AppDelegate.swift */ = {isa = PBXFileReference; lastKnownFileType = sourcecode.swift; path = AppDelegate.swift; sourceTree = "<group>"; };
		3BDB396124EE5B2F000F8FD8 /* SceneDelegate.swift */ = {isa = PBXFileReference; lastKnownFileType = sourcecode.swift; path = SceneDelegate.swift; sourceTree = "<group>"; };
		3BDB396324EE5B2F000F8FD8 /* ViewController.swift */ = {isa = PBXFileReference; lastKnownFileType = sourcecode.swift; path = ViewController.swift; sourceTree = "<group>"; };
		3BDB396624EE5B2F000F8FD8 /* Base */ = {isa = PBXFileReference; lastKnownFileType = file.storyboard; name = Base; path = Base.lproj/Main.storyboard; sourceTree = "<group>"; };
		3BDB396824EE5B32000F8FD8 /* Assets.xcassets */ = {isa = PBXFileReference; lastKnownFileType = folder.assetcatalog; path = Assets.xcassets; sourceTree = "<group>"; };
		3BDB396B24EE5B32000F8FD8 /* Base */ = {isa = PBXFileReference; lastKnownFileType = file.storyboard; name = Base; path = Base.lproj/LaunchScreen.storyboard; sourceTree = "<group>"; };
		3BDB396D24EE5B32000F8FD8 /* Info.plist */ = {isa = PBXFileReference; lastKnownFileType = text.plist.xml; path = Info.plist; sourceTree = "<group>"; };
		3BDB397624EE6814000F8FD8 /* file.mp3 */ = {isa = PBXFileReference; lastKnownFileType = audio.mp3; path = file.mp3; sourceTree = "<group>"; };
		3E17BE8FDC3DEF9973C3D056 /* Pods-MusicPleyerApp_Minimum.debug.xcconfig */ = {isa = PBXFileReference; includeInIndex = 1; lastKnownFileType = text.xcconfig; name = "Pods-MusicPleyerApp_Minimum.debug.xcconfig"; path = "Target Support Files/Pods-MusicPleyerApp_Minimum/Pods-MusicPleyerApp_Minimum.debug.xcconfig"; sourceTree = "<group>"; };
		9E3BCA5DD94D11F8D3F7D28E /* Pods_MusicPleyerApp_Minimum.framework */ = {isa = PBXFileReference; explicitFileType = wrapper.framework; includeInIndex = 0; path = Pods_MusicPleyerApp_Minimum.framework; sourceTree = BUILT_PRODUCTS_DIR; };
		C36EF4BE9D1579385ED78A3D /* Pods-MusicPleyerApp_Minimum.release.xcconfig */ = {isa = PBXFileReference; includeInIndex = 1; lastKnownFileType = text.xcconfig; name = "Pods-MusicPleyerApp_Minimum.release.xcconfig"; path = "Target Support Files/Pods-MusicPleyerApp_Minimum/Pods-MusicPleyerApp_Minimum.release.xcconfig"; sourceTree = "<group>"; };
/* End PBXFileReference section */

/* Begin PBXFrameworksBuildPhase section */
		3BDB395924EE5B2F000F8FD8 /* Frameworks */ = {
			isa = PBXFrameworksBuildPhase;
			buildActionMask = 2147483647;
			files = (
				B7FEFE10C1F93E15182FC3B2 /* Pods_MusicPleyerApp_Minimum.framework in Frameworks */,
			);
			runOnlyForDeploymentPostprocessing = 0;
		};
/* End PBXFrameworksBuildPhase section */

/* Begin PBXGroup section */
		1903EE3643A3C7C6FE587085 /* Frameworks */ = {
			isa = PBXGroup;
			children = (
				9E3BCA5DD94D11F8D3F7D28E /* Pods_MusicPleyerApp_Minimum.framework */,
			);
			name = Frameworks;
			sourceTree = "<group>";
		};
		3BDB395324EE5B2F000F8FD8 = {
			isa = PBXGroup;
			children = (
				3BDB395E24EE5B2F000F8FD8 /* MusicPleyerApp_Minimum */,
				3BDB395D24EE5B2F000F8FD8 /* Products */,
				ED30D4D3595F368C78B0BC10 /* Pods */,
				1903EE3643A3C7C6FE587085 /* Frameworks */,
			);
			sourceTree = "<group>";
		};
		3BDB395D24EE5B2F000F8FD8 /* Products */ = {
			isa = PBXGroup;
			children = (
				3BDB395C24EE5B2F000F8FD8 /* MusicPleyerApp_Minimum.app */,
			);
			name = Products;
			sourceTree = "<group>";
		};
		3BDB395E24EE5B2F000F8FD8 /* MusicPleyerApp_Minimum */ = {
			isa = PBXGroup;
			children = (
				3BDB397624EE6814000F8FD8 /* file.mp3 */,
				3BDB395F24EE5B2F000F8FD8 /* AppDelegate.swift */,
				3BDB396124EE5B2F000F8FD8 /* SceneDelegate.swift */,
				3BDB396324EE5B2F000F8FD8 /* ViewController.swift */,
				3BDB396524EE5B2F000F8FD8 /* Main.storyboard */,
				3BDB396824EE5B32000F8FD8 /* Assets.xcassets */,
				3BDB396A24EE5B32000F8FD8 /* LaunchScreen.storyboard */,
				3BDB396D24EE5B32000F8FD8 /* Info.plist */,
			);
			path = MusicPleyerApp_Minimum;
			sourceTree = "<group>";
		};
		ED30D4D3595F368C78B0BC10 /* Pods */ = {
			isa = PBXGroup;
			children = (
				3E17BE8FDC3DEF9973C3D056 /* Pods-MusicPleyerApp_Minimum.debug.xcconfig */,
				C36EF4BE9D1579385ED78A3D /* Pods-MusicPleyerApp_Minimum.release.xcconfig */,
			);
			path = Pods;
			sourceTree = "<group>";
		};
/* End PBXGroup section */

/* Begin PBXNativeTarget section */
		3BDB395B24EE5B2F000F8FD8 /* MusicPleyerApp_Minimum */ = {
			isa = PBXNativeTarget;
			buildConfigurationList = 3BDB397024EE5B32000F8FD8 /* Build configuration list for PBXNativeTarget "MusicPleyerApp_Minimum" */;
			buildPhases = (
				20A5FBDCD571BB7C23486553 /* [CP] Check Pods Manifest.lock */,
				3BDB395824EE5B2F000F8FD8 /* Sources */,
				3BDB395924EE5B2F000F8FD8 /* Frameworks */,
				3BDB395A24EE5B2F000F8FD8 /* Resources */,
				490F9822A5E65F1F332C2DB6 /* [CP] Embed Pods Frameworks */,
			);
			buildRules = (
			);
			dependencies = (
			);
			name = MusicPleyerApp_Minimum;
			productName = MusicPleyerApp_Minimum;
			productReference = 3BDB395C24EE5B2F000F8FD8 /* MusicPleyerApp_Minimum.app */;
			productType = "com.apple.product-type.application";
		};
/* End PBXNativeTarget section */

/* Begin PBXProject section */
		3BDB395424EE5B2F000F8FD8 /* Project object */ = {
			isa = PBXProject;
			attributes = {
				LastSwiftUpdateCheck = 1130;
				LastUpgradeCheck = 1130;
				ORGANIZATIONNAME = "y kimur";
				TargetAttributes = {
					3BDB395B24EE5B2F000F8FD8 = {
						CreatedOnToolsVersion = 11.3.1;
					};
				};
			};
			buildConfigurationList = 3BDB395724EE5B2F000F8FD8 /* Build configuration list for PBXProject "MusicPleyerApp_Minimum" */;
			compatibilityVersion = "Xcode 9.3";
			developmentRegion = en;
			hasScannedForEncodings = 0;
			knownRegions = (
				en,
				Base,
			);
			mainGroup = 3BDB395324EE5B2F000F8FD8;
			productRefGroup = 3BDB395D24EE5B2F000F8FD8 /* Products */;
			projectDirPath = "";
			projectRoot = "";
			targets = (
				3BDB395B24EE5B2F000F8FD8 /* MusicPleyerApp_Minimum */,
			);
		};
/* End PBXProject section */

/* Begin PBXResourcesBuildPhase section */
		3BDB395A24EE5B2F000F8FD8 /* Resources */ = {
			isa = PBXResourcesBuildPhase;
			buildActionMask = 2147483647;
			files = (
				3BDB396C24EE5B32000F8FD8 /* LaunchScreen.storyboard in Resources */,
				3BDB396924EE5B32000F8FD8 /* Assets.xcassets in Resources */,
				3BDB397724EE6814000F8FD8 /* file.mp3 in Resources */,
				3BDB396724EE5B2F000F8FD8 /* Main.storyboard in Resources */,
			);
			runOnlyForDeploymentPostprocessing = 0;
		};
/* End PBXResourcesBuildPhase section */

/* Begin PBXShellScriptBuildPhase section */
		20A5FBDCD571BB7C23486553 /* [CP] Check Pods Manifest.lock */ = {
			isa = PBXShellScriptBuildPhase;
			buildActionMask = 2147483647;
			files = (
			);
			inputFileListPaths = (
			);
			inputPaths = (
				"${PODS_PODFILE_DIR_PATH}/Podfile.lock",
				"${PODS_ROOT}/Manifest.lock",
			);
			name = "[CP] Check Pods Manifest.lock";
			outputFileListPaths = (
			);
			outputPaths = (
				"$(DERIVED_FILE_DIR)/Pods-MusicPleyerApp_Minimum-checkManifestLockResult.txt",
			);
			runOnlyForDeploymentPostprocessing = 0;
			shellPath = /bin/sh;
			shellScript = "diff \"${PODS_PODFILE_DIR_PATH}/Podfile.lock\" \"${PODS_ROOT}/Manifest.lock\" > /dev/null\nif [ $? != 0 ] ; then\n    # print error to STDERR\n    echo \"error: The sandbox is not in sync with the Podfile.lock. Run 'pod install' or update your CocoaPods installation.\" >&2\n    exit 1\nfi\n# This output is used by Xcode 'outputs' to avoid re-running this script phase.\necho \"SUCCESS\" > \"${SCRIPT_OUTPUT_FILE_0}\"\n";
			showEnvVarsInLog = 0;
		};
		490F9822A5E65F1F332C2DB6 /* [CP] Embed Pods Frameworks */ = {
			isa = PBXShellScriptBuildPhase;
			buildActionMask = 2147483647;
			files = (
			);
			inputFileListPaths = (
				"${PODS_ROOT}/Target Support Files/Pods-MusicPleyerApp_Minimum/Pods-MusicPleyerApp_Minimum-frameworks-${CONFIGURATION}-input-files.xcfilelist",
			);
			name = "[CP] Embed Pods Frameworks";
			outputFileListPaths = (
				"${PODS_ROOT}/Target Support Files/Pods-MusicPleyerApp_Minimum/Pods-MusicPleyerApp_Minimum-frameworks-${CONFIGURATION}-output-files.xcfilelist",
			);
			runOnlyForDeploymentPostprocessing = 0;
			shellPath = /bin/sh;
			shellScript = "\"${PODS_ROOT}/Target Support Files/Pods-MusicPleyerApp_Minimum/Pods-MusicPleyerApp_Minimum-frameworks.sh\"\n";
			showEnvVarsInLog = 0;
		};
/* End PBXShellScriptBuildPhase section */

/* Begin PBXSourcesBuildPhase section */
		3BDB395824EE5B2F000F8FD8 /* Sources */ = {
			isa = PBXSourcesBuildPhase;
			buildActionMask = 2147483647;
			files = (
				3BDB396424EE5B2F000F8FD8 /* ViewController.swift in Sources */,
				3BDB396024EE5B2F000F8FD8 /* AppDelegate.swift in Sources */,
				3BDB396224EE5B2F000F8FD8 /* SceneDelegate.swift in Sources */,
			);
			runOnlyForDeploymentPostprocessing = 0;
		};
/* End PBXSourcesBuildPhase section */

/* Begin PBXVariantGroup section */
		3BDB396524EE5B2F000F8FD8 /* Main.storyboard */ = {
			isa = PBXVariantGroup;
			children = (
				3BDB396624EE5B2F000F8FD8 /* Base */,
			);
			name = Main.storyboard;
			sourceTree = "<group>";
		};
		3BDB396A24EE5B32000F8FD8 /* LaunchScreen.storyboard */ = {
			isa = PBXVariantGroup;
			children = (
				3BDB396B24EE5B32000F8FD8 /* Base */,
			);
			name = LaunchScreen.storyboard;
			sourceTree = "<group>";
		};
/* End PBXVariantGroup section */

/* Begin XCBuildConfiguration section */
		3BDB396E24EE5B32000F8FD8 /* Debug */ = {
			isa = XCBuildConfiguration;
			buildSettings = {
				ALWAYS_SEARCH_USER_PATHS = NO;
				CLANG_ANALYZER_NONNULL = YES;
				CLANG_ANALYZER_NUMBER_OBJECT_CONVERSION = YES_AGGRESSIVE;
				CLANG_CXX_LANGUAGE_STANDARD = "gnu++14";
				CLANG_CXX_LIBRARY = "libc++";
				CLANG_ENABLE_MODULES = YES;
				CLANG_ENABLE_OBJC_ARC = YES;
				CLANG_ENABLE_OBJC_WEAK = YES;
				CLANG_WARN_BLOCK_CAPTURE_AUTORELEASING = YES;
				CLANG_WARN_BOOL_CONVERSION = YES;
				CLANG_WARN_COMMA = YES;
				CLANG_WARN_CONSTANT_CONVERSION = YES;
				CLANG_WARN_DEPRECATED_OBJC_IMPLEMENTATIONS = YES;
				CLANG_WARN_DIRECT_OBJC_ISA_USAGE = YES_ERROR;
				CLANG_WARN_DOCUMENTATION_COMMENTS = YES;
				CLANG_WARN_EMPTY_BODY = YES;
				CLANG_WARN_ENUM_CONVERSION = YES;
				CLANG_WARN_INFINITE_RECURSION = YES;
				CLANG_WARN_INT_CONVERSION = YES;
				CLANG_WARN_NON_LITERAL_NULL_CONVERSION = YES;
				CLANG_WARN_OBJC_IMPLICIT_RETAIN_SELF = YES;
				CLANG_WARN_OBJC_LITERAL_CONVERSION = YES;
				CLANG_WARN_OBJC_ROOT_CLASS = YES_ERROR;
				CLANG_WARN_RANGE_LOOP_ANALYSIS = YES;
				CLANG_WARN_STRICT_PROTOTYPES = YES;
				CLANG_WARN_SUSPICIOUS_MOVE = YES;
				CLANG_WARN_UNGUARDED_AVAILABILITY = YES_AGGRESSIVE;
				CLANG_WARN_UNREACHABLE_CODE = YES;
				CLANG_WARN__DUPLICATE_METHOD_MATCH = YES;
				COPY_PHASE_STRIP = NO;
				DEBUG_INFORMATION_FORMAT = dwarf;
				ENABLE_STRICT_OBJC_MSGSEND = YES;
				ENABLE_TESTABILITY = YES;
				GCC_C_LANGUAGE_STANDARD = gnu11;
				GCC_DYNAMIC_NO_PIC = NO;
				GCC_NO_COMMON_BLOCKS = YES;
				GCC_OPTIMIZATION_LEVEL = 0;
				GCC_PREPROCESSOR_DEFINITIONS = (
					"DEBUG=1",
					"$(inherited)",
				);
				GCC_WARN_64_TO_32_BIT_CONVERSION = YES;
				GCC_WARN_ABOUT_RETURN_TYPE = YES_ERROR;
				GCC_WARN_UNDECLARED_SELECTOR = YES;
				GCC_WARN_UNINITIALIZED_AUTOS = YES_AGGRESSIVE;
				GCC_WARN_UNUSED_FUNCTION = YES;
				GCC_WARN_UNUSED_VARIABLE = YES;
				IPHONEOS_DEPLOYMENT_TARGET = 13.2;
				MTL_ENABLE_DEBUG_INFO = INCLUDE_SOURCE;
				MTL_FAST_MATH = YES;
				ONLY_ACTIVE_ARCH = YES;
				SDKROOT = iphoneos;
				SWIFT_ACTIVE_COMPILATION_CONDITIONS = DEBUG;
				SWIFT_OPTIMIZATION_LEVEL = "-Onone";
			};
			name = Debug;
		};
		3BDB396F24EE5B32000F8FD8 /* Release */ = {
			isa = XCBuildConfiguration;
			buildSettings = {
				ALWAYS_SEARCH_USER_PATHS = NO;
				CLANG_ANALYZER_NONNULL = YES;
				CLANG_ANALYZER_NUMBER_OBJECT_CONVERSION = YES_AGGRESSIVE;
				CLANG_CXX_LANGUAGE_STANDARD = "gnu++14";
				CLANG_CXX_LIBRARY = "libc++";
				CLANG_ENABLE_MODULES = YES;
				CLANG_ENABLE_OBJC_ARC = YES;
				CLANG_ENABLE_OBJC_WEAK = YES;
				CLANG_WARN_BLOCK_CAPTURE_AUTORELEASING = YES;
				CLANG_WARN_BOOL_CONVERSION = YES;
				CLANG_WARN_COMMA = YES;
				CLANG_WARN_CONSTANT_CONVERSION = YES;
				CLANG_WARN_DEPRECATED_OBJC_IMPLEMENTATIONS = YES;
				CLANG_WARN_DIRECT_OBJC_ISA_USAGE = YES_ERROR;
				CLANG_WARN_DOCUMENTATION_COMMENTS = YES;
				CLANG_WARN_EMPTY_BODY = YES;
				CLANG_WARN_ENUM_CONVERSION = YES;
				CLANG_WARN_INFINITE_RECURSION = YES;
				CLANG_WARN_INT_CONVERSION = YES;
				CLANG_WARN_NON_LITERAL_NULL_CONVERSION = YES;
				CLANG_WARN_OBJC_IMPLICIT_RETAIN_SELF = YES;
				CLANG_WARN_OBJC_LITERAL_CONVERSION = YES;
				CLANG_WARN_OBJC_ROOT_CLASS = YES_ERROR;
				CLANG_WARN_RANGE_LOOP_ANALYSIS = YES;
				CLANG_WARN_STRICT_PROTOTYPES = YES;
				CLANG_WARN_SUSPICIOUS_MOVE = YES;
				CLANG_WARN_UNGUARDED_AVAILABILITY = YES_AGGRESSIVE;
				CLANG_WARN_UNREACHABLE_CODE = YES;
				CLANG_WARN__DUPLICATE_METHOD_MATCH = YES;
				COPY_PHASE_STRIP = NO;
				DEBUG_INFORMATION_FORMAT = "dwarf-with-dsym";
				ENABLE_NS_ASSERTIONS = NO;
				ENABLE_STRICT_OBJC_MSGSEND = YES;
				GCC_C_LANGUAGE_STANDARD = gnu11;
				GCC_NO_COMMON_BLOCKS = YES;
				GCC_WARN_64_TO_32_BIT_CONVERSION = YES;
				GCC_WARN_ABOUT_RETURN_TYPE = YES_ERROR;
				GCC_WARN_UNDECLARED_SELECTOR = YES;
				GCC_WARN_UNINITIALIZED_AUTOS = YES_AGGRESSIVE;
				GCC_WARN_UNUSED_FUNCTION = YES;
				GCC_WARN_UNUSED_VARIABLE = YES;
				IPHONEOS_DEPLOYMENT_TARGET = 13.2;
				MTL_ENABLE_DEBUG_INFO = NO;
				MTL_FAST_MATH = YES;
				SDKROOT = iphoneos;
				SWIFT_COMPILATION_MODE = wholemodule;
				SWIFT_OPTIMIZATION_LEVEL = "-O";
				VALIDATE_PRODUCT = YES;
			};
			name = Release;
		};
		3BDB397124EE5B32000F8FD8 /* Debug */ = {
			isa = XCBuildConfiguration;
			baseConfigurationReference = 3E17BE8FDC3DEF9973C3D056 /* Pods-MusicPleyerApp_Minimum.debug.xcconfig */;
			buildSettings = {
				ASSETCATALOG_COMPILER_APPICON_NAME = AppIcon;
				CODE_SIGN_STYLE = Automatic;
				INFOPLIST_FILE = MusicPleyerApp_Minimum/Info.plist;
				LD_RUNPATH_SEARCH_PATHS = (
					"$(inherited)",
					"@executable_path/Frameworks",
				);
				PRODUCT_BUNDLE_IDENTIFIER = "com.ykimur.MusicPleyerApp-Minimum";
				PRODUCT_NAME = "$(TARGET_NAME)";
				SWIFT_VERSION = 5.0;
				TARGETED_DEVICE_FAMILY = "1,2";
			};
			name = Debug;
		};
		3BDB397224EE5B32000F8FD8 /* Release */ = {
			isa = XCBuildConfiguration;
			baseConfigurationReference = C36EF4BE9D1579385ED78A3D /* Pods-MusicPleyerApp_Minimum.release.xcconfig */;
			buildSettings = {
				ASSETCATALOG_COMPILER_APPICON_NAME = AppIcon;
				CODE_SIGN_STYLE = Automatic;
				INFOPLIST_FILE = MusicPleyerApp_Minimum/Info.plist;
				LD_RUNPATH_SEARCH_PATHS = (
					"$(inherited)",
					"@executable_path/Frameworks",
				);
				PRODUCT_BUNDLE_IDENTIFIER = "com.ykimur.MusicPleyerApp-Minimum";
				PRODUCT_NAME = "$(TARGET_NAME)";
				SWIFT_VERSION = 5.0;
				TARGETED_DEVICE_FAMILY = "1,2";
			};
			name = Release;
		};
/* End XCBuildConfiguration section */

/* Begin XCConfigurationList section */
		3BDB395724EE5B2F000F8FD8 /* Build configuration list for PBXProject "MusicPleyerApp_Minimum" */ = {
			isa = XCConfigurationList;
			buildConfigurations = (
				3BDB396E24EE5B32000F8FD8 /* Debug */,
				3BDB396F24EE5B32000F8FD8 /* Release */,
			);
			defaultConfigurationIsVisible = 0;
			defaultConfigurationName = Release;
		};
		3BDB397024EE5B32000F8FD8 /* Build configuration list for PBXNativeTarget "MusicPleyerApp_Minimum" */ = {
			isa = XCConfigurationList;
			buildConfigurations = (
				3BDB397124EE5B32000F8FD8 /* Debug */,
				3BDB397224EE5B32000F8FD8 /* Release */,
			);
			defaultConfigurationIsVisible = 0;
			defaultConfigurationName = Release;
		};
/* End XCConfigurationList section */
	};
	rootObject = 3BDB395424EE5B2F000F8FD8 /* Project object */;
}
